
Microsoft Visual Studio Solution File, Format Version 12.00
# Visual Studio Version 16
VisualStudioVersion = 16.0.30011.22
MinimumVisualStudioVersion = 10.0.40219.1
Project("{FAE04EC0-301F-11D3-BF4B-00C04F79EFBC}") = "Cap6y7", "Cap6y7.csproj", "{A6BA162D-1E27-41A2-8AB2-DD2578280AA9}"
EndProject
Global
	GlobalSection(SolutionConfigurationPlatforms) = preSolution
		Debug|Any CPU = Debug|Any CPU
		Release|Any CPU = Release|Any CPU
	EndGlobalSection
	GlobalSection(ProjectConfigurationPlatforms) = postSolution
		{A6BA162D-1E27-41A2-8AB2-DD2578280AA9}.Debug|Any CPU.ActiveCfg = Debug|Any CPU
		{A6BA162D-1E27-41A2-8AB2-DD2578280AA9}.Debug|Any CPU.Build.0 = Debug|Any CPU
		{A6BA162D-1E27-41A2-8AB2-DD2578280AA9}.Release|Any CPU.ActiveCfg = Release|Any CPU
		{A6BA162D-1E27-41A2-8AB2-DD2578280AA9}.Release|Any CPU.Build.0 = Release|Any CPU
	EndGlobalSection
	GlobalSection(SolutionProperties) = preSolution
		HideSolutionNode = FALSE
	EndGlobalSection
	GlobalSection(ExtensibilityGlobals) = postSolution
		SolutionGuid = {7F909A8E-5580-4801-9A02-14A2022D5860}
	EndGlobalSection
EndGlobal
